dependencies:
- name: k3s-crowdsec
  repository: file://./charts/k3s-crowdsec
  version: 0.1.0
- name: k3s-traefik
  repository: file://./charts/k3s-traefik
  version: 0.1.0
digest: sha256:08ae9c86a721e206d5ba41e440417391d4c878521017a4817b3e4181ec7242db
generated: "2025-08-23T21:51:21.388009631+02:00"
